// !$*UTF8*$!
{
	archiveVersion = 1;
	classes = {
	};
	objectVersion = 46;
	objects = {

/* Begin PBXBuildFile section */
		04C411AA1BE0982D008DC7D8 /* main.m in Sources */ = {isa = PBXBuildFile; fileRef = 04C411A91BE0982D008DC7D8 /* main.m */; };
		04C411AD1BE0982D008DC7D8 /* AppDelegate.m in Sources */ = {isa = PBXBuildFile; fileRef = 04C411AC1BE0982D008DC7D8 /* AppDelegate.m */; };
		04C411B01BE0982D008DC7D8 /* ViewController.m in Sources */ = {isa = PBXBuildFile; fileRef = 04C411AF1BE0982D008DC7D8 /* ViewController.m */; };
		04C411B31BE0982D008DC7D8 /* Main.storyboard in Resources */ = {isa = PBXBuildFile; fileRef = 04C411B11BE0982D008DC7D8 /* Main.storyboard */; };
		04C411B51BE0982D008DC7D8 /* Images.xcassets in Resources */ = {isa = PBXBuildFile; fileRef = 04C411B41BE0982D008DC7D8 /* Images.xcassets */; };
		04C411B81BE0982D008DC7D8 /* LaunchScreen.xib in Resources */ = {isa = PBXBuildFile; fileRef = 04C411B61BE0982D008DC7D8 /* LaunchScreen.xib */; };
		04C411C41BE0982E008DC7D8 /* BBC_NewsTests.m in Sources */ = {isa = PBXBuildFile; fileRef = 04C411C31BE0982E008DC7D8 /* BBC_NewsTests.m */; };
/* End PBXBuildFile section */

/* Begin PBXContainerItemProxy section */
		04C411BE1BE0982E008DC7D8 /* PBXContainerItemProxy */ = {
			isa = PBXContainerItemProxy;
			containerPortal = 04C4119C1BE0982D008DC7D8 /* Project object */;
			proxyType = 1;
			remoteGlobalIDString = 04C411A31BE0982D008DC7D8;
			remoteInfo = BBC_News;
		};
/* End PBXContainerItemProxy section */

/* Begin PBXFileReference section */
		04C411A41BE0982D008DC7D8 /* BBC_News.app */ = {isa = PBXFileReference; explicitFileType = wrapper.application; includeInIndex = 0; path = BBC_News.app; sourceTree = BUILT_PRODUCTS_DIR; };
		04C411A81BE0982D008DC7D8 /* Info.plist */ = {isa = PBXFileReference; lastKnownFileType = text.plist.xml; path = Info.plist; sourceTree = "<group>"; };
		04C411A91BE0982D008DC7D8 /* main.m */ = {isa = PBXFileReference; lastKnownFileType = sourcecode.c.objc; path = main.m; sourceTree = "<group>"; };
		04C411AB1BE0982D008DC7D8 /* AppDelegate.h */ = {isa = PBXFileReference; lastKnownFileType = sourcecode.c.h; path = AppDelegate.h; sourceTree = "<group>"; };
		04C411AC1BE0982D008DC7D8 /* AppDelegate.m */ = {isa = PBXFileReference; lastKnownFileType = sourcecode.c.objc; path = AppDelegate.m; sourceTree = "<group>"; };
		04C411AE1BE0982D008DC7D8 /* ViewController.h */ = {isa = PBXFileReference; lastKnownFileType = sourcecode.c.h; path = ViewController.h; sourceTree = "<group>"; };
		04C411AF1BE0982D008DC7D8 /* ViewController.m */ = {isa = PBXFileReference; lastKnownFileType = sourcecode.c.objc; path = ViewController.m; sourceTree = "<group>"; };
		04C411B21BE0982D008DC7D8 /* Base */ = {isa = PBXFileReference; lastKnownFileType = file.storyboard; name = Base; path = Base.lproj/Main.storyboard; sourceTree = "<group>"; };
		04C411B41BE0982D008DC7D8 /* Images.xcassets */ = {isa = PBXFileReference; lastKnownFileType = folder.assetcatalog; path = Images.xcassets; sourceTree = "<group>"; };
		04C411B71BE0982D008DC7D8 /* Base */ = {isa = PBXFileReference; lastKnownFileType = file.xib; name = Base; path = Base.lproj/LaunchScreen.xib; sourceTree = "<group>"; };
		04C411BD1BE0982E008DC7D8 /* BBC_NewsTests.xctest */ = {isa = PBXFileReference; explicitFileType = wrapper.cfbundle; includeInIndex = 0; path = BBC_NewsTests.xctest; sourceTree = BUILT_PRODUCTS_DIR; };
		04C411C21BE0982E008DC7D8 /* Info.plist */ = {isa = PBXFileReference; lastKnownFileType = text.plist.xml; path = Info.plist; sourceTree = "<group>"; };
		04C411C31BE0982E008DC7D8 /* BBC_NewsTests.m */ = {isa = PBXFileReference; lastKnownFileType = sourcecode.c.objc; path = BBC_NewsTests.m; sourceTree = "<group>"; };
/* End PBXFileReference section */

/* Begin PBXFrameworksBuildPhase section */
		04C411A11BE0982D008DC7D8 /* Frameworks */ = {
			isa = PBXFrameworksBuildPhase;
			buildActionMask = 2147483647;
			files = (
			);
			runOnlyForDeploymentPostprocessing = 0;
		};
		04C411BA1BE0982E008DC7D8 /* Frameworks */ = {
			isa = PBXFrameworksBuildPhase;
			buildActionMask = 2147483647;
			files = (
			);
			runOnlyForDeploymentPostprocessing = 0;
		};
/* End PBXFrameworksBuildPhase section */

/* Begin PBXGroup section */
		04C4119B1BE0982D008DC7D8 = {
			isa = PBXGroup;
			children = (
				04C411A61BE0982D008DC7D8 /* BBC_News */,
				04C411C01BE0982E008DC7D8 /* BBC_NewsTests */,
				04C411A51BE0982D008DC7D8 /* Products */,
			);
			sourceTree = "<group>";
		};
		04C411A51BE0982D008DC7D8 /* Products */ = {
			isa = PBXGroup;
			children = (
				04C411A41BE0982D008DC7D8 /* BBC_News.app */,
				04C411BD1BE0982E008DC7D8 /* BBC_NewsTests.xctest */,
			);
			name = Products;
			sourceTree = "<group>";
		};
		04C411A61BE0982D008DC7D8 /* BBC_News */ = {
			isa = PBXGroup;
			children = (
				04C411AB1BE0982D008DC7D8 /* AppDelegate.h */,
				04C411AC1BE0982D008DC7D8 /* AppDelegate.m */,
				04C411AE1BE0982D008DC7D8 /* ViewController.h */,
				04C411AF1BE0982D008DC7D8 /* ViewController.m */,
				04C411B11BE0982D008DC7D8 /* Main.storyboard */,
				04C411B41BE0982D008DC7D8 /* Images.xcassets */,
				04C411B61BE0982D008DC7D8 /* LaunchScreen.xib */,
				04C411A71BE0982D008DC7D8 /* Supporting Files */,
			);
			path = BBC_News;
			sourceTree = "<group>";
		};
		04C411A71BE0982D008DC7D8 /* Supporting Files */ = {
			isa = PBXGroup;
			children = (
				04C411A81BE0982D008DC7D8 /* Info.plist */,
				04C411A91BE0982D008DC7D8 /* main.m */,
			);
			name = "Supporting Files";
			sourceTree = "<group>";
		};
		04C411C01BE0982E008DC7D8 /* BBC_NewsTests */ = {
			isa = PBXGroup;
			children = (
				04C411C31BE0982E008DC7D8 /* BBC_NewsTests.m */,
				04C411C11BE0982E008DC7D8 /* Supporting Files */,
			);
			path = BBC_NewsTests;
			sourceTree = "<group>";
		};
		04C411C11BE0982E008DC7D8 /* Supporting Files */ = {
			isa = PBXGroup;
			children = (
				04C411C21BE0982E008DC7D8 /* Info.plist */,
			);
			name = "Supporting Files";
			sourceTree = "<group>";
		};
/* End PBXGroup section */

/* Begin PBXNativeTarget section */
		04C411A31BE0982D008DC7D8 /* BBC_News */ = {
			isa = PBXNativeTarget;
			buildConfigurationList = 04C411C71BE0982E008DC7D8 /* Build configuration list for PBXNativeTarget "BBC_News" */;
			buildPhases = (
				04C411A01BE0982D008DC7D8 /* Sources */,
				04C411A11BE0982D008DC7D8 /* Frameworks */,
				04C411A21BE0982D008DC7D8 /* Resources */,
			);
			buildRules = (
			);
			dependencies = (
			);
			name = BBC_News;
			productName = BBC_News;
			productReference = 04C411A41BE0982D008DC7D8 /* BBC_News.app */;
			productType = "com.apple.product-type.application";
		};
		04C411BC1BE0982E008DC7D8 /* BBC_NewsTests */ = {
			isa = PBXNativeTarget;
			buildConfigurationList = 04C411CA1BE0982E008DC7D8 /* Build configuration list for PBXNativeTarget "BBC_NewsTests" */;
			buildPhases = (
				04C411B91BE0982E008DC7D8 /* Sources */,
				04C411BA1BE0982E008DC7D8 /* Frameworks */,
				04C411BB1BE0982E008DC7D8 /* Resources */,
			);
			buildRules = (
			);
			dependencies = (
				04C411BF1BE0982E008DC7D8 /* PBXTargetDependency */,
			);
			name = BBC_NewsTests;
			productName = BBC_NewsTests;
			productReference = 04C411BD1BE0982E008DC7D8 /* BBC_NewsTests.xctest */;
			productType = "com.apple.product-type.bundle.unit-test";
		};
/* End PBXNativeTarget section */

/* Begin PBXProject section */
		04C4119C1BE0982D008DC7D8 /* Project object */ = {
			isa = PBXProject;
			attributes = {
				LastUpgradeCheck = 0630;
				ORGANIZATIONNAME = mac;
				TargetAttributes = {
					04C411A31BE0982D008DC7D8 = {
						CreatedOnToolsVersion = 6.3;
					};
					04C411BC1BE0982E008DC7D8 = {
						CreatedOnToolsVersion = 6.3;
						TestTargetID = 04C411A31BE0982D008DC7D8;
					};
				};
			};
			buildConfigurationList = 04C4119F1BE0982D008DC7D8 /* Build configuration list for PBXProject "BBC_News" */;
			compatibilityVersion = "Xcode 3.2";
			developmentRegion = English;
			hasScannedForEncodings = 0;
			knownRegions = (
				en,
				Base,
			);
			mainGroup = 04C4119B1BE0982D008DC7D8;
			productRefGroup = 04C411A51BE0982D008DC7D8 /* Products */;
			projectDirPath = "";
			projectRoot = "";
			targets = (
				04C411A31BE0982D008DC7D8 /* BBC_News */,
				04C411BC1BE0982E008DC7D8 /* BBC_NewsTests */,
			);
		};
/* End PBXProject section */

/* Begin PBXResourcesBuildPhase section */
		04C411A21BE0982D008DC7D8 /* Resources */ = {
			isa = PBXResourcesBuildPhase;
			buildActionMask = 2147483647;
			files = (
				04C411B31BE0982D008DC7D8 /* Main.storyboard in Resources */,
				04C411B81BE0982D008DC7D8 /* LaunchScreen.xib in Resources */,
				04C411B51BE0982D008DC7D8 /* Images.xcassets in Resources */,
			);
			runOnlyForDeploymentPostprocessing = 0;
		};
		04C411BB1BE0982E008DC7D8 /* Resources */ = {
			isa = PBXResourcesBuildPhase;
			buildActionMask = 2147483647;
			files = (
			);
			runOnlyForDeploymentPostprocessing = 0;
		};
/* End PBXResourcesBuildPhase section */

/* Begin PBXSourcesBuildPhase section */
		04C411A01BE0982D008DC7D8 /* Sources */ = {
			isa = PBXSourcesBuildPhase;
			buildActionMask = 2147483647;
			files = (
				04C411B01BE0982D008DC7D8 /* ViewController.m in Sources */,
				04C411AD1BE0982D008DC7D8 /* AppDelegate.m in Sources */,
				04C411AA1BE0982D008DC7D8 /* main.m in Sources */,
			);
			runOnlyForDeploymentPostprocessing = 0;
		};
		04C411B91BE0982E008DC7D8 /* Sources */ = {
			isa = PBXSourcesBuildPhase;
			buildActionMask = 2147483647;
			files = (
				04C411C41BE0982E008DC7D8 /* BBC_NewsTests.m in Sources */,
			);
			runOnlyForDeploymentPostprocessing = 0;
		};
/* End PBXSourcesBuildPhase section */

/* Begin PBXTargetDependency section */
		04C411BF1BE0982E008DC7D8 /* PBXTargetDependency */ = {
			isa = PBXTargetDependency;
			target = 04C411A31BE0982D008DC7D8 /* BBC_News */;
			targetProxy = 04C411BE1BE0982E008DC7D8 /* PBXContainerItemProxy */;
		};
/* End PBXTargetDependency section */

/* Begin PBXVariantGroup section */
		04C411B11BE0982D008DC7D8 /* Main.storyboard */ = {
			isa = PBXVariantGroup;
			children = (
				04C411B21BE0982D008DC7D8 /* Base */,
			);
			name = Main.storyboard;
			sourceTree = "<group>";
		};
		04C411B61BE0982D008DC7D8 /* LaunchScreen.xib */ = {
			isa = PBXVariantGroup;
			children = (
				04C411B71BE0982D008DC7D8 /* Base */,
			);
			name = LaunchScreen.xib;
			sourceTree = "<group>";
		};
/* End PBXVariantGroup section */

/* Begin XCBuildConfiguration section */
		04C411C51BE0982E008DC7D8 /* Debug */ = {
			isa = XCBuildConfiguration;
			buildSettings = {
				ALWAYS_SEARCH_USER_PATHS = NO;
				CLANG_CXX_LANGUAGE_STANDARD = "gnu++0x";
				CLANG_CXX_LIBRARY = "libc++";
				CLANG_ENABLE_MODULES = YES;
				CLANG_ENABLE_OBJC_ARC = YES;
				CLANG_WARN_BOOL_CONVERSION = YES;
				CLANG_WARN_CONSTANT_CONVERSION = YES;
				CLANG_WARN_DIRECT_OBJC_ISA_USAGE = YES_ERROR;
				CLANG_WARN_EMPTY_BODY = YES;
				CLANG_WARN_ENUM_CONVERSION = YES;
				CLANG_WARN_INT_CONVERSION = YES;
				CLANG_WARN_OBJC_ROOT_CLASS = YES_ERROR;
				CLANG_WARN_UNREACHABLE_CODE = YES;
				CLANG_WARN__DUPLICATE_METHOD_MATCH = YES;
				"CODE_SIGN_IDENTITY[sdk=iphoneos*]" = "iPhone Developer";
				COPY_PHASE_STRIP = NO;
				DEBUG_INFORMATION_FORMAT = "dwarf-with-dsym";
				ENABLE_STRICT_OBJC_MSGSEND = YES;
				GCC_C_LANGUAGE_STANDARD = gnu99;
				GCC_DYNAMIC_NO_PIC = NO;
				GCC_NO_COMMON_BLOCKS = YES;
				GCC_OPTIMIZATION_LEVEL = 0;
				GCC_PREPROCESSOR_DEFINITIONS = (
					"DEBUG=1",
					"$(inherited)",
				);
				GCC_SYMBOLS_PRIVATE_EXTERN = NO;
				GCC_WARN_64_TO_32_BIT_CONVERSION = YES;
				GCC_WARN_ABOUT_RETURN_TYPE = YES_ERROR;
				GCC_WARN_UNDECLARED_SELECTOR = YES;
				GCC_WARN_UNINITIALIZED_AUTOS = YES_AGGRESSIVE;
				GCC_WARN_UNUSED_FUNCTION = YES;
				GCC_WARN_UNUSED_VARIABLE = YES;
				IPHONEOS_DEPLOYMENT_TARGET = 8.3;
				MTL_ENABLE_DEBUG_INFO = YES;
				ONLY_ACTIVE_ARCH = YES;
				SDKROOT = iphoneos;
			};
			name = Debug;
		};
		04C411C61BE0982E008DC7D8 /* Release */ = {
			isa = XCBuildConfiguration;
			buildSettings = {
				ALWAYS_SEARCH_USER_PATHS = NO;
				CLANG_CXX_LANGUAGE_STANDARD = "gnu++0x";
				CLANG_CXX_LIBRARY = "libc++";
				CLANG_ENABLE_MODULES = YES;
				CLANG_ENABLE_OBJC_ARC = YES;
				CLANG_WARN_BOOL_CONVERSION = YES;
				CLANG_WARN_CONSTANT_CONVERSION = YES;
				CLANG_WARN_DIRECT_OBJC_ISA_USAGE = YES_ERROR;
				CLANG_WARN_EMPTY_BODY = YES;
				CLANG_WARN_ENUM_CONVERSION = YES;
				CLANG_WARN_INT_CONVERSION = YES;
				CLANG_WARN_OBJC_ROOT_CLASS = YES_ERROR;
				CLANG_WARN_UNREACHABLE_CODE = YES;
				CLANG_WARN__DUPLICATE_METHOD_MATCH = YES;
				"CODE_SIGN_IDENTITY[sdk=iphoneos*]" = "iPhone Developer";
				COPY_PHASE_STRIP = NO;
				DEBUG_INFORMATION_FORMAT = "dwarf-with-dsym";
				ENABLE_NS_ASSERTIONS = NO;
				ENABLE_STRICT_OBJC_MSGSEND = YES;
				GCC_C_LANGUAGE_STANDARD = gnu99;
				GCC_NO_COMMON_BLOCKS = YES;
				GCC_WARN_64_TO_32_BIT_CONVERSION = YES;
				GCC_WARN_ABOUT_RETURN_TYPE = YES_ERROR;
				GCC_WARN_UNDECLARED_SELECTOR = YES;
				GCC_WARN_UNINITIALIZED_AUTOS = YES_AGGRESSIVE;
				GCC_WARN_UNUSED_FUNCTION = YES;
				GCC_WARN_UNUSED_VARIABLE = YES;
				IPHONEOS_DEPLOYMENT_TARGET = 8.3;
				MTL_ENABLE_DEBUG_INFO = NO;
				SDKROOT = iphoneos;
				VALIDATE_PRODUCT = YES;
			};
			name = Release;
		};
		04C411C81BE0982E008DC7D8 /* Debug */ = {
			isa = XCBuildConfiguration;
			buildSettings = {
				ASSETCATALOG_COMPILER_APPICON_NAME = AppIcon;
				INFOPLIST_FILE = BBC_News/Info.plist;
				LD_RUNPATH_SEARCH_PATHS = "$(inherited) @executable_path/Frameworks";
				PRODUCT_NAME = "$(TARGET_NAME)";
			};
			name = Debug;
		};
		04C411C91BE0982E008DC7D8 /* Release */ = {
			isa = XCBuildConfiguration;
			buildSettings = {
				ASSETCATALOG_COMPILER_APPICON_NAME = AppIcon;
				INFOPLIST_FILE = BBC_News/Info.plist;
				LD_RUNPATH_SEARCH_PATHS = "$(inherited) @executable_path/Frameworks";
				PRODUCT_NAME = "$(TARGET_NAME)";
			};
			name = Release;
		};
		04C411CB1BE0982E008DC7D8 /* Debug */ = {
			isa = XCBuildConfiguration;
			buildSettings = {
				BUNDLE_LOADER = "$(TEST_HOST)";
				FRAMEWORK_SEARCH_PATHS = (
					"$(SDKROOT)/Developer/Library/Frameworks",
					"$(inherited)",
				);
				GCC_PREPROCESSOR_DEFINITIONS = (
					"DEBUG=1",
					"$(inherited)",
				);
				INFOPLIST_FILE = BBC_NewsTests/Info.plist;
				LD_RUNPATH_SEARCH_PATHS = "$(inherited) @executable_path/Frameworks @loader_path/Frameworks";
				PRODUCT_NAME = "$(TARGET_NAME)";
				TEST_HOST = "$(BUILT_PRODUCTS_DIR)/BBC_News.app/BBC_News";
			};
			name = Debug;
		};
		04C411CC1BE0982E008DC7D8 /* Release */ = {
			isa = XCBuildConfiguration;
			buildSettings = {
				BUNDLE_LOADER = "$(TEST_HOST)";
				FRAMEWORK_SEARCH_PATHS = (
					"$(SDKROOT)/Developer/Library/Frameworks",
					"$(inherited)",
				);
				INFOPLIST_FILE = BBC_NewsTests/Info.plist;
				LD_RUNPATH_SEARCH_PATHS = "$(inherited) @executable_path/Frameworks @loader_path/Frameworks";
				PRODUCT_NAME = "$(TARGET_NAME)";
				TEST_HOST = "$(BUILT_PRODUCTS_DIR)/BBC_News.app/BBC_News";
			};
			name = Release;
		};
/* End XCBuildConfiguration section */

/* Begin XCConfigurationList section */
		04C4119F1BE0982D008DC7D8 /* Build configuration list for PBXProject "BBC_News" */ = {
			isa = XCConfigurationList;
			buildConfigurations = (
				04C411C51BE0982E008DC7D8 /* Debug */,
				04C411C61BE0982E008DC7D8 /* Release */,
			);
			defaultConfigurationIsVisible = 0;
			defaultConfigurationName = Release;
		};
		04C411C71BE0982E008DC7D8 /* Build configuration list for PBXNativeTarget "BBC_News" */ = {
			isa = XCConfigurationList;
			buildConfigurations = (
				04C411C81BE0982E008DC7D8 /* Debug */,
				04C411C91BE0982E008DC7D8 /* Release */,
			);
			defaultConfigurationIsVisible = 0;
		};
		04C411CA1BE0982E008DC7D8 /* Build configuration list for PBXNativeTarget "BBC_NewsTests" */ = {
			isa = XCConfigurationList;
			buildConfigurations = (
				04C411CB1BE0982E008DC7D8 /* Debug */,
				04C411CC1BE0982E008DC7D8 /* Release */,
			);
			defaultConfigurationIsVisible = 0;
		};
/* End XCConfigurationList section */
	};
	rootObject = 04C4119C1BE0982D008DC7D8 /* Project object */;
}
